{
  "version": 4,
  "terraform_version": "1.0.4",
  "serial": 94,
  "lineage": "712fa4c7-9eed-f83f-670c-92e3c8fba524",
  "outputs": {
    "gw_id": {
      "value": "efccb4ff-cfea-452e-a8ac-764296279494",
      "type": "string"
    }
  },
  "resources": [
    {
      "mode": "data",
      "type": "template_file",
      "name": "startup_script",
      "provider": "provider[\"registry.terraform.io/hashicorp/template\"]",
      "instances": [
        {
          "schema_version": 0,
          "attributes": {
            "filename": null,
            "id": "07241dfb4b7306c22c838a96fc87b1b2e5186a6545a0e2e92d350bd34dd5d3a9",
            "rendered": "#!/bin/bash\necho \"Retrieve information about new packages\"\nsudo apt-get update\nsudo apt-get install -y curl\n\necho \"Trust the repository signing key\"\ncurl -fsSL https://dist.scaleft.com/pki/scaleft_deb_key.asc | gpg --dearmor | sudo tee /usr/share/keyrings/scaleft-archive-keyring.gpg \u003e /dev/null\n\nprintf \"deb [arch=amd64 signed-by=/usr/share/keyrings/scaleft-archive-keyring.gpg] http://pkg.scaleft.com/deb focal main\\ndeb [arch=amd64 signed-by=/usr/share/keyrings/scaleft-archive-keyring.gpg] http://pkg.scaleft.com/deb linux main\" | sudo tee /etc/apt/sources.list.d/scaleft.list \u003e /dev/null\n\necho \"Retrieve information about new packages\"\nsudo apt-get update\n\necho \"Install gateway\"\nsudo apt-get install scaleft-gateway\necho sft-gw.efccb4ff-cfea-452e-a8ac-764296279494.eyJhdCI6InduUi1odF9GNldFS2gzanF2enJkdzdiQktZWUVkZjNMY2g5eHRrU0pYTzgiLCJhcyI6Imh0dHBzOi8vYXBwLnNjYWxlZnQuY29tL3YxL2FzL2FnZW50IiwicnMiOiJodHRwczovL2FwcC5zY2FsZWZ0LmNvbS92MSJ9 \u003e /var/lib/sft-gatewayd/setup.token\nsudo service sft-gatewayd restart\n",
            "template": "#!/bin/bash\necho \"Retrieve information about new packages\"\nsudo apt-get update\nsudo apt-get install -y curl\n\necho \"Trust the repository signing key\"\ncurl -fsSL https://dist.scaleft.com/pki/scaleft_deb_key.asc | gpg --dearmor | sudo tee /usr/share/keyrings/scaleft-archive-keyring.gpg \u003e /dev/null\n\nprintf \"deb [arch=amd64 signed-by=/usr/share/keyrings/scaleft-archive-keyring.gpg] http://pkg.scaleft.com/deb focal main\\ndeb [arch=amd64 signed-by=/usr/share/keyrings/scaleft-archive-keyring.gpg] http://pkg.scaleft.com/deb linux main\" | sudo tee /etc/apt/sources.list.d/scaleft.list \u003e /dev/null\n\necho \"Retrieve information about new packages\"\nsudo apt-get update\n\necho \"Install gateway\"\nsudo apt-get install scaleft-gateway\necho ${gwtoken} \u003e /var/lib/sft-gatewayd/setup.token\nsudo service sft-gatewayd restart\n",
            "vars": {
              "gwtoken": "sft-gw.efccb4ff-cfea-452e-a8ac-764296279494.eyJhdCI6InduUi1odF9GNldFS2gzanF2enJkdzdiQktZWUVkZjNMY2g5eHRrU0pYTzgiLCJhcyI6Imh0dHBzOi8vYXBwLnNjYWxlZnQuY29tL3YxL2FzL2FnZW50IiwicnMiOiJodHRwczovL2FwcC5zY2FsZWZ0LmNvbS92MSJ9"
            }
          },
          "sensitive_attributes": []
        }
      ]
    },
    {
      "mode": "managed",
      "type": "google_compute_instance",
      "name": "default",
      "provider": "provider[\"registry.terraform.io/hashicorp/google\"]",
      "instances": [
        {
          "schema_version": 6,
          "attributes": {
            "advanced_machine_features": [],
            "allow_stopping_for_update": null,
            "attached_disk": [],
            "boot_disk": [
              {
                "auto_delete": true,
                "device_name": "persistent-disk-0",
                "disk_encryption_key_raw": "",
                "disk_encryption_key_sha256": "",
                "initialize_params": [
                  {
                    "image": "https://www.googleapis.com/compute/v1/projects/ubuntu-os-cloud/global/images/ubuntu-2004-focal-v20220712",
                    "labels": {},
                    "size": 10,
                    "type": "pd-standard"
                  }
                ],
                "kms_key_self_link": "",
                "mode": "READ_WRITE",
                "source": "https://www.googleapis.com/compute/v1/projects/asa-demo-316514/zones/us-central1-a/disks/tfgw1"
              }
            ],
            "can_ip_forward": false,
            "confidential_instance_config": [],
            "cpu_platform": "Intel Broadwell",
            "current_status": "RUNNING",
            "deletion_protection": false,
            "description": "",
            "desired_status": null,
            "enable_display": false,
            "guest_accelerator": [],
            "hostname": "",
            "id": "projects/asa-demo-316514/zones/us-central1-a/instances/tfgw1",
            "instance_id": "5293933076815646394",
            "label_fingerprint": "42WmSpB8rSM=",
            "labels": null,
            "machine_type": "e2-medium",
            "metadata": null,
            "metadata_fingerprint": "Oh7Ij-9kQlk=",
            "metadata_startup_script": "#!/bin/bash\necho \"Retrieve information about new packages\"\nsudo apt-get update\nsudo apt-get install -y curl\n\necho \"Trust the repository signing key\"\ncurl -fsSL https://dist.scaleft.com/pki/scaleft_deb_key.asc | gpg --dearmor | sudo tee /usr/share/keyrings/scaleft-archive-keyring.gpg \u003e /dev/null\n\nprintf \"deb [arch=amd64 signed-by=/usr/share/keyrings/scaleft-archive-keyring.gpg] http://pkg.scaleft.com/deb focal main\\ndeb [arch=amd64 signed-by=/usr/share/keyrings/scaleft-archive-keyring.gpg] http://pkg.scaleft.com/deb linux main\" | sudo tee /etc/apt/sources.list.d/scaleft.list \u003e /dev/null\n\necho \"Retrieve information about new packages\"\nsudo apt-get update\n\necho \"Install gateway\"\nsudo apt-get install scaleft-gateway\necho sft-gw.efccb4ff-cfea-452e-a8ac-764296279494.eyJhdCI6InduUi1odF9GNldFS2gzanF2enJkdzdiQktZWUVkZjNMY2g5eHRrU0pYTzgiLCJhcyI6Imh0dHBzOi8vYXBwLnNjYWxlZnQuY29tL3YxL2FzL2FnZW50IiwicnMiOiJodHRwczovL2FwcC5zY2FsZWZ0LmNvbS92MSJ9 \u003e /var/lib/sft-gatewayd/setup.token\nsudo service sft-gatewayd restart\n",
            "min_cpu_platform": "",
            "name": "tfgw1",
            "network_interface": [
              {
                "access_config": [
                  {
                    "nat_ip": "35.224.83.254",
                    "network_tier": "PREMIUM",
                    "public_ptr_domain_name": ""
                  }
                ],
                "alias_ip_range": [],
                "ipv6_access_config": [],
                "ipv6_access_type": "",
                "name": "nic0",
                "network": "https://www.googleapis.com/compute/v1/projects/asa-demo-316514/global/networks/default",
                "network_ip": "10.137.0.44",
                "nic_type": "",
                "queue_count": 0,
                "stack_type": "IPV4_ONLY",
                "subnetwork": "https://www.googleapis.com/compute/v1/projects/asa-demo-316514/regions/us-central1/subnetworks/asa-private-subnet-2",
                "subnetwork_project": "asa-demo-316514"
              }
            ],
            "project": "asa-demo-316514",
            "reservation_affinity": [],
            "resource_policies": null,
            "scheduling": [
              {
                "automatic_restart": true,
                "instance_termination_action": "",
                "min_node_cpus": 0,
                "node_affinities": [],
                "on_host_maintenance": "MIGRATE",
                "preemptible": false,
                "provisioning_model": "STANDARD"
              }
            ],
            "scratch_disk": [],
            "self_link": "https://www.googleapis.com/compute/v1/projects/asa-demo-316514/zones/us-central1-a/instances/tfgw1",
            "service_account": [],
            "shielded_instance_config": [
              {
                "enable_integrity_monitoring": true,
                "enable_secure_boot": false,
                "enable_vtpm": true
              }
            ],
            "tags": null,
            "tags_fingerprint": "42WmSpB8rSM=",
            "timeouts": null,
            "zone": "us-central1-a"
          },
          "sensitive_attributes": [],
          "private": "eyJlMmJmYjczMC1lY2FhLTExZTYtOGY4OC0zNDM2M2JjN2M0YzAiOnsiY3JlYXRlIjoxMjAwMDAwMDAwMDAwLCJkZWxldGUiOjEyMDAwMDAwMDAwMDAsInVwZGF0ZSI6MTIwMDAwMDAwMDAwMH0sInNjaGVtYV92ZXJzaW9uIjoiNiJ9",
          "dependencies": [
            "data.template_file.startup_script",
            "oktapam_gateway_setup_token.test-gw"
          ]
        }
      ]
    },
    {
      "mode": "managed",
      "type": "oktapam_gateway_setup_token",
      "name": "test-gw",
      "provider": "provider[\"okta.com/pam/oktapam\"]",
      "instances": [
        {
          "schema_version": 0,
          "attributes": {
            "created_at": "2022-07-29T19:09:08.302162Z",
            "description": "tf-gw",
            "id": "efccb4ff-cfea-452e-a8ac-764296279494",
            "labels": {
              "env": "prod"
            },
            "token": "sft-gw.efccb4ff-cfea-452e-a8ac-764296279494.eyJhdCI6InduUi1odF9GNldFS2gzanF2enJkdzdiQktZWUVkZjNMY2g5eHRrU0pYTzgiLCJhcyI6Imh0dHBzOi8vYXBwLnNjYWxlZnQuY29tL3YxL2FzL2FnZW50IiwicnMiOiJodHRwczovL2FwcC5zY2FsZWZ0LmNvbS92MSJ9"
          },
          "sensitive_attributes": [],
          "private": "bnVsbA=="
        }
      ]
    },
    {
      "mode": "managed",
      "type": "oktapam_project",
      "name": "tfproject",
      "provider": "provider[\"okta.com/pam/oktapam\"]",
      "instances": [
        {
          "schema_version": 0,
          "attributes": {
            "create_server_users": false,
            "deleted_at": null,
            "forward_traffic": true,
            "gateway_selector": "env.prod",
            "id": "tfproject",
            "name": "tfproject",
            "next_unix_gid": 63001,
            "next_unix_uid": 60001,
            "rdp_session_recording": false,
            "require_preauth_for_creds": false,
            "ssh_certificate_type": "CERT_TYPE_ECDSA_256_01",
            "ssh_session_recording": false,
            "team": "asapmdemoview"
          },
          "sensitive_attributes": [],
          "private": "bnVsbA=="
        }
      ]
    }
  ]
}
